
Microsoft Visual Studio Solution File, Format Version 12.00
# Visual Studio 15
VisualStudioVersion = 15.0.28307.271
MinimumVisualStudioVersion = 10.0.40219.1
Project("{FAE04EC0-301F-11D3-BF4B-00C04F79EFBC}") = "ConsoleDezToBin8", "ConsoleDezToBin8\ConsoleDezToBin8.csproj", "{75E16BCF-C227-4838-BDAE-B2A3763A84CB}"
EndProject
Global
	GlobalSection(SolutionConfigurationPlatforms) = preSolution
		Debug|Any CPU = Debug|Any CPU
		Release|Any CPU = Release|Any CPU
	EndGlobalSection
	GlobalSection(ProjectConfigurationPlatforms) = postSolution
		{75E16BCF-C227-4838-BDAE-B2A3763A84CB}.Debug|Any CPU.ActiveCfg = Debug|Any CPU
		{75E16BCF-C227-4838-BDAE-B2A3763A84CB}.Debug|Any CPU.Build.0 = Debug|Any CPU
		{75E16BCF-C227-4838-BDAE-B2A3763A84CB}.Release|Any CPU.ActiveCfg = Release|Any CPU
		{75E16BCF-C227-4838-BDAE-B2A3763A84CB}.Release|Any CPU.Build.0 = Release|Any CPU
	EndGlobalSection
	GlobalSection(SolutionProperties) = preSolution
		HideSolutionNode = FALSE
	EndGlobalSection
	GlobalSection(ExtensibilityGlobals) = postSolution
		SolutionGuid = {4F64D075-3AE5-4825-BECB-67792959148F}
	EndGlobalSection
EndGlobal
